
Microsoft Visual Studio Solution File, Format Version 12.00
# Visual Studio 2013
VisualStudioVersion = 12.0.21005.1
MinimumVisualStudioVersion = 10.0.40219.1
Project("{8BC9CEB8-8B4A-11D0-8D11-00A0C91BC942}") = "动态内存开辟", "动态内存开辟\动态内存开辟.vcxproj", "{C809377C-6934-4603-96D2-62199A14E0F3}"
EndProject
Global
	GlobalSection(SolutionConfigurationPlatforms) = preSolution
		Debug|Win32 = Debug|Win32
		Release|Win32 = Release|Win32
	EndGlobalSection
	GlobalSection(ProjectConfigurationPlatforms) = postSolution
		{C809377C-6934-4603-96D2-62199A14E0F3}.Debug|Win32.ActiveCfg = Debug|Win32
		{C809377C-6934-4603-96D2-62199A14E0F3}.Debug|Win32.Build.0 = Debug|Win32
		{C809377C-6934-4603-96D2-62199A14E0F3}.Release|Win32.ActiveCfg = Release|Win32
		{C809377C-6934-4603-96D2-62199A14E0F3}.Release|Win32.Build.0 = Release|Win32
	EndGlobalSection
	GlobalSection(SolutionProperties) = preSolution
		HideSolutionNode = FALSE
	EndGlobalSection
EndGlobal
